<?xml version="1.0" encoding="utf-8"?>
<Project ToolsVersion="4.0" xmlns="http://schemas.microsoft.com/developer/msbuild/2003">
  <ItemGroup>
    <Filter Include="Resource Files">
      <UniqueIdentifier>{67DA6AB6-F800-4c08-8B7A-83BB121AAD01}</UniqueIdentifier>
      <Extensions>rc;ico;cur;bmp;dlg;rc2;rct;bin;rgs;gif;jpg;jpeg;jpe;resx;tiff;tif;png;wav;mfcribbon-ms</Extensions>
    </Filter>
    <Filter Include="GameFramework">
      <UniqueIdentifier>{4FC737F1-C7A5-4376-A066-2A32D752A2FF}</UniqueIdentifier>
      <Extensions>cpp;c;cc;cxx;def;odl;idl;hpj;bat;asm;asmx</Extensions>
    </Filter>
    <Filter Include="TinyTrain">
      <UniqueIdentifier>{059c5eec-91e2-4dcb-a48d-1b4c9c48f270}</UniqueIdentifier>
    </Filter>
    <Filter Include="TinyTrain\gamestates">
      <UniqueIdentifier>{a493d4a6-711d-4698-8081-ce8f82719b0d}</UniqueIdentifier>
    </Filter>
    <Filter Include="TinyTrain\objects">
      <UniqueIdentifier>{0a8198f0-8677-41b2-899f-9a4710ac4f2f}</UniqueIdentifier>
    </Filter>
  </ItemGroup>
  <ItemGroup>
    <ClCompile Include="main.cpp">
      <Filter>TinyTrain</Filter>
    </ClCompile>
    <ClCompile Include="Game.cpp">
      <Filter>GameFramework</Filter>
    </ClCompile>
    <ClCompile Include="GameState_Running.cpp">
      <Filter>TinyTrain\gamestates</Filter>
    </ClCompile>
    <ClCompile Include="TT_RailRoad.cpp">
      <Filter>TinyTrain\objects</Filter>
    </ClCompile>
    <ClCompile Include="TT_Train.cpp">
      <Filter>TinyTrain\objects</Filter>
    </ClCompile>
  </ItemGroup>
  <ItemGroup>
    <ClInclude Include="Entity.h">
      <Filter>GameFramework</Filter>
    </ClInclude>
    <ClInclude Include="tinyc2.h">
      <Filter>Resource Files</Filter>
    </ClInclude>
    <ClInclude Include="GameStateBase.h">
      <Filter>GameFramework</Filter>
    </ClInclude>
    <ClInclude Include="Game.h">
      <Filter>GameFramework</Filter>
    </ClInclude>
    <ClInclude Include="GameState_Running.h">
      <Filter>TinyTrain\gamestates</Filter>
    </ClInclude>
    <ClInclude Include="TT_RailRoad.h">
      <Filter>TinyTrain\objects</Filter>
    </ClInclude>
    <ClInclude Include="TT_Train.h">
      <Filter>TinyTrain\objects</Filter>
    </ClInclude>
  </ItemGroup>
</Project>