<?xml version="1.0" encoding="utf-8"?>
<Project ToolsVersion="4.0" xmlns="http://schemas.microsoft.com/developer/msbuild/2003">
  <ItemGroup>
    <Filter Include="Resource Files">
      <UniqueIdentifier>{67DA6AB6-F800-4c08-8B7A-83BB121AAD01}</UniqueIdentifier>
      <Extensions>rc;ico;cur;bmp;dlg;rc2;rct;bin;rgs;gif;jpg;jpeg;jpe;resx;tiff;tif;png;wav;mfcribbon-ms</Extensions>
    </Filter>
    <Filter Include="GameFramework">
      <UniqueIdentifier>{4FC737F1-C7A5-4376-A066-2A32D752A2FF}</UniqueIdentifier>
      <Extensions>cpp;c;cc;cxx;def;odl;idl;hpj;bat;asm;asmx</Extensions>
    </Filter>
    <Filter Include="TinyTrain">
      <UniqueIdentifier>{059c5eec-91e2-4dcb-a48d-1b4c9c48f270}</UniqueIdentifier>
    </Filter>
    <Filter Include="TinyTrain\gamestates">
      <UniqueIdentifier>{a493d4a6-711d-4698-8081-ce8f82719b0d}</UniqueIdentifier>
    </Filter>
    <Filter Include="TinyTrain\objects">
      <UniqueIdentifier>{0a8198f0-8677-41b2-899f-9a4710ac4f2f}</UniqueIdentifier>
    </Filter>
    <Filter Include="TinyTrain\controllers">
      <UniqueIdentifier>{d53cf1fd-63c3-4d5c-9452-1b9dfe53c9f3}</UniqueIdentifier>
    </Filter>
    <Filter Include="TinyTrain\utils">
      <UniqueIdentifier>{d9aa7915-909f-4863-86c2-1a2bee538bb7}</UniqueIdentifier>
    </Filter>
    <Filter Include="GameFramework\collision">
      <UniqueIdentifier>{94fc0c26-4e70-4fc8-9d60-b2b512378e54}</UniqueIdentifier>
    </Filter>
    <Filter Include="GameFramework\math">
      <UniqueIdentifier>{76c04630-4c10-43ab-82fb-893bd74a4749}</UniqueIdentifier>
    </Filter>
    <Filter Include="GameFramework\gui">
      <UniqueIdentifier>{35375093-a931-412c-855b-aef57ce930d8}</UniqueIdentifier>
    </Filter>
    <Filter Include="GameFramework\components">
      <UniqueIdentifier>{feae4ce5-0fea-49cf-9830-7bd36c688aef}</UniqueIdentifier>
    </Filter>
    <Filter Include="GameFramework\utilities">
      <UniqueIdentifier>{180eee21-b337-4b4a-a106-05db9e9b9206}</UniqueIdentifier>
    </Filter>
    <Filter Include="TinyTrain\components">
      <UniqueIdentifier>{088ce2cd-8db9-4e96-8537-5c1ccfb9980a}</UniqueIdentifier>
    </Filter>
    <Filter Include="TinyTrain\gui">
      <UniqueIdentifier>{1f7c5f86-93c8-43b4-82ce-f42ea2beb854}</UniqueIdentifier>
    </Filter>
  </ItemGroup>
  <ItemGroup>
    <ClCompile Include="main.cpp">
      <Filter>TinyTrain</Filter>
    </ClCompile>
    <ClCompile Include="Game.cpp">
      <Filter>GameFramework</Filter>
    </ClCompile>
    <ClCompile Include="GameState_Running.cpp">
      <Filter>TinyTrain\gamestates</Filter>
    </ClCompile>
    <ClCompile Include="TTrain.cpp">
      <Filter>TinyTrain\objects</Filter>
    </ClCompile>
    <ClCompile Include="TLevel.cpp">
      <Filter>TinyTrain\objects</Filter>
    </ClCompile>
    <ClCompile Include="TRailTrack.cpp">
      <Filter>TinyTrain\objects</Filter>
    </ClCompile>
    <ClCompile Include="GameStateBase.cpp">
      <Filter>GameFramework</Filter>
    </ClCompile>
    <ClCompile Include="TPlayer.cpp">
      <Filter>TinyTrain\controllers</Filter>
    </ClCompile>
    <ClCompile Include="Spline.cpp">
      <Filter>GameFramework\math</Filter>
    </ClCompile>
    <ClCompile Include="Spline_CatmullRom.cpp">
      <Filter>GameFramework\math</Filter>
    </ClCompile>
    <ClCompile Include="TObstacle.cpp">
      <Filter>TinyTrain\objects</Filter>
    </ClCompile>
    <ClCompile Include="TTrainCollisionManager.cpp">
      <Filter>TinyTrain\utils</Filter>
    </ClCompile>
    <ClCompile Include="GameState_MainMenu.cpp">
      <Filter>TinyTrain\gamestates</Filter>
    </ClCompile>
    <ClCompile Include="TextMenu.cpp">
      <Filter>GameFramework\gui</Filter>
    </ClCompile>
    <ClCompile Include="GameState_Pause.cpp">
      <Filter>TinyTrain\gamestates</Filter>
    </ClCompile>
    <ClCompile Include="GameState_End.cpp">
      <Filter>TinyTrain\gamestates</Filter>
    </ClCompile>
    <ClCompile Include="CollisionManager.cpp">
      <Filter>GameFramework\collision</Filter>
    </ClCompile>
    <ClCompile Include="Entity.cpp">
      <Filter>GameFramework</Filter>
    </ClCompile>
    <ClCompile Include="Component.cpp">
      <Filter>GameFramework</Filter>
    </ClCompile>
    <ClCompile Include="InterpolateToPoint.cpp">
      <Filter>GameFramework\components</Filter>
    </ClCompile>
    <ClCompile Include="TPolyLineInputComponent.cpp">
      <Filter>TinyTrain\controllers</Filter>
    </ClCompile>
    <ClCompile Include="TSingleLineInputComponent.cpp">
      <Filter>TinyTrain\controllers</Filter>
    </ClCompile>
    <ClCompile Include="TLineInputInterface.cpp">
      <Filter>TinyTrain\controllers</Filter>
    </ClCompile>
    <ClCompile Include="SplineTexture.cpp">
      <Filter>GameFramework\utilities</Filter>
    </ClCompile>
    <ClCompile Include="CityGenerator.cpp">
      <Filter>GameFramework\utilities</Filter>
    </ClCompile>
    <ClCompile Include="MathHelper2D.cpp">
      <Filter>GameFramework\math</Filter>
    </ClCompile>
    <ClCompile Include="TextureAtlas.cpp">
      <Filter>GameFramework\utilities</Filter>
    </ClCompile>
    <ClCompile Include="TLevel_Builder.cpp">
      <Filter>TinyTrain\utils</Filter>
    </ClCompile>
    <ClCompile Include="PolyLine.cpp">
      <Filter>GameFramework\math</Filter>
    </ClCompile>
    <ClCompile Include="TRoadNavComponent.cpp">
      <Filter>TinyTrain\components</Filter>
    </ClCompile>
    <ClCompile Include="TCar.cpp">
      <Filter>TinyTrain\objects</Filter>
    </ClCompile>
    <ClCompile Include="TRoadNetwork.cpp">
      <Filter>TinyTrain\utils</Filter>
    </ClCompile>
    <ClCompile Include="TCollisionZone.cpp">
      <Filter>TinyTrain\objects</Filter>
    </ClCompile>
    <ClCompile Include="TLevelInfo_HUD.cpp">
      <Filter>TinyTrain\gui</Filter>
    </ClCompile>
    <ClCompile Include="TPassenger.cpp">
      <Filter>TinyTrain\objects</Filter>
    </ClCompile>
    <ClCompile Include="TConeInputComponent.cpp">
      <Filter>TinyTrain\controllers</Filter>
    </ClCompile>
    <ClCompile Include="CollisionManagerGridBroadPhase.cpp">
      <Filter>GameFramework\collision</Filter>
    </ClCompile>
    <ClCompile Include="BroadPhase_CategoryFilter.cpp">
      <Filter>GameFramework\collision</Filter>
    </ClCompile>
  </ItemGroup>
  <ItemGroup>
    <ClInclude Include="Entity.h">
      <Filter>GameFramework</Filter>
    </ClInclude>
    <ClInclude Include="GameStateBase.h">
      <Filter>GameFramework</Filter>
    </ClInclude>
    <ClInclude Include="Game.h">
      <Filter>GameFramework</Filter>
    </ClInclude>
    <ClInclude Include="GameState_Running.h">
      <Filter>TinyTrain\gamestates</Filter>
    </ClInclude>
    <ClInclude Include="TTrain.h">
      <Filter>TinyTrain\objects</Filter>
    </ClInclude>
    <ClInclude Include="TLevel.h">
      <Filter>TinyTrain\objects</Filter>
    </ClInclude>
    <ClInclude Include="TRailTrack.h">
      <Filter>TinyTrain\objects</Filter>
    </ClInclude>
    <ClInclude Include="TPlayer.h">
      <Filter>TinyTrain\controllers</Filter>
    </ClInclude>
    <ClInclude Include="Spline.h">
      <Filter>GameFramework\math</Filter>
    </ClInclude>
    <ClInclude Include="Spline_CatmullRom.h">
      <Filter>GameFramework\math</Filter>
    </ClInclude>
    <ClInclude Include="TObstacle.h">
      <Filter>TinyTrain\objects</Filter>
    </ClInclude>
    <ClInclude Include="TTrainCollisionManager.h">
      <Filter>TinyTrain\utils</Filter>
    </ClInclude>
    <ClInclude Include="GameState_MainMenu.h">
      <Filter>TinyTrain\gamestates</Filter>
    </ClInclude>
    <ClInclude Include="TextMenu.h">
      <Filter>GameFramework\gui</Filter>
    </ClInclude>
    <ClInclude Include="GameState_Pause.h">
      <Filter>TinyTrain\gamestates</Filter>
    </ClInclude>
    <ClInclude Include="GameState_End.h">
      <Filter>TinyTrain\gamestates</Filter>
    </ClInclude>
    <ClInclude Include="CollisionEntity.h">
      <Filter>GameFramework\collision</Filter>
    </ClInclude>
    <ClInclude Include="CollisionManager.h">
      <Filter>GameFramework\collision</Filter>
    </ClInclude>
    <ClInclude Include="Component.h">
      <Filter>GameFramework</Filter>
    </ClInclude>
    <ClInclude Include="InterpolateToPoint.h">
      <Filter>GameFramework\components</Filter>
    </ClInclude>
    <ClInclude Include="TPolyLineInputComponent.h">
      <Filter>TinyTrain\controllers</Filter>
    </ClInclude>
    <ClInclude Include="TSingleLineInputComponent.h">
      <Filter>TinyTrain\controllers</Filter>
    </ClInclude>
    <ClInclude Include="TLineInputInterface.h">
      <Filter>TinyTrain\controllers</Filter>
    </ClInclude>
    <ClInclude Include="SplineTexture.h">
      <Filter>GameFramework\utilities</Filter>
    </ClInclude>
    <ClInclude Include="CityGenerator.h">
      <Filter>GameFramework\utilities</Filter>
    </ClInclude>
    <ClInclude Include="tgfdefines.h">
      <Filter>GameFramework</Filter>
    </ClInclude>
    <ClInclude Include="MathHelper2D.h">
      <Filter>GameFramework\math</Filter>
    </ClInclude>
    <ClInclude Include="modules\tinyc2.h">
      <Filter>Resource Files</Filter>
    </ClInclude>
    <ClInclude Include="TextureAtlas.h">
      <Filter>GameFramework\utilities</Filter>
    </ClInclude>
    <ClInclude Include="json_tgf.h">
      <Filter>GameFramework\utilities</Filter>
    </ClInclude>
    <ClInclude Include="graph_tgf.h">
      <Filter>GameFramework\utilities</Filter>
    </ClInclude>
    <ClInclude Include="TLevel_Builder.h">
      <Filter>TinyTrain\utils</Filter>
    </ClInclude>
    <ClInclude Include="TRoadNavComponent.h">
      <Filter>TinyTrain\components</Filter>
    </ClInclude>
    <ClInclude Include="PolyLine.h">
      <Filter>GameFramework\math</Filter>
    </ClInclude>
    <ClInclude Include="TCar.h">
      <Filter>TinyTrain\objects</Filter>
    </ClInclude>
    <ClInclude Include="TRoadNetwork.h">
      <Filter>TinyTrain\utils</Filter>
    </ClInclude>
    <ClInclude Include="TCollisionZone.h">
      <Filter>TinyTrain\objects</Filter>
    </ClInclude>
    <ClInclude Include="TLevelInfo_HUD.h">
      <Filter>TinyTrain\gui</Filter>
    </ClInclude>
    <ClInclude Include="TPassenger.h">
      <Filter>TinyTrain\objects</Filter>
    </ClInclude>
    <ClInclude Include="TConeInputComponent.h">
      <Filter>TinyTrain\controllers</Filter>
    </ClInclude>
    <ClInclude Include="CollisionManagerGridBroadPhase.h">
      <Filter>GameFramework\collision</Filter>
    </ClInclude>
    <ClInclude Include="BroadPhase_CategoryFilter.h">
      <Filter>GameFramework\collision</Filter>
    </ClInclude>
  </ItemGroup>
  <ItemGroup>
    <Text Include="todo.txt">
      <Filter>TinyTrain</Filter>
    </Text>
  </ItemGroup>
</Project>