<?xml version="1.0" encoding="utf-8"?>
<Project ToolsVersion="4.0" xmlns="http://schemas.microsoft.com/developer/msbuild/2003">
  <ItemGroup>
    <Filter Include="Resource Files">
      <UniqueIdentifier>{67DA6AB6-F800-4c08-8B7A-83BB121AAD01}</UniqueIdentifier>
      <Extensions>rc;ico;cur;bmp;dlg;rc2;rct;bin;rgs;gif;jpg;jpeg;jpe;resx;tiff;tif;png;wav;mfcribbon-ms</Extensions>
    </Filter>
    <Filter Include="GameFramework">
      <UniqueIdentifier>{4FC737F1-C7A5-4376-A066-2A32D752A2FF}</UniqueIdentifier>
      <Extensions>cpp;c;cc;cxx;def;odl;idl;hpj;bat;asm;asmx</Extensions>
    </Filter>
    <Filter Include="TinyTrain">
      <UniqueIdentifier>{059c5eec-91e2-4dcb-a48d-1b4c9c48f270}</UniqueIdentifier>
    </Filter>
    <Filter Include="TinyTrain\gamestates">
      <UniqueIdentifier>{a493d4a6-711d-4698-8081-ce8f82719b0d}</UniqueIdentifier>
    </Filter>
    <Filter Include="TinyTrain\objects">
      <UniqueIdentifier>{0a8198f0-8677-41b2-899f-9a4710ac4f2f}</UniqueIdentifier>
    </Filter>
    <Filter Include="TinyTrain\controllers">
      <UniqueIdentifier>{d53cf1fd-63c3-4d5c-9452-1b9dfe53c9f3}</UniqueIdentifier>
    </Filter>
    <Filter Include="GameFramework\Math">
      <UniqueIdentifier>{76c04630-4c10-43ab-82fb-893bd74a4749}</UniqueIdentifier>
    </Filter>
    <Filter Include="TinyTrain\utils">
      <UniqueIdentifier>{d9aa7915-909f-4863-86c2-1a2bee538bb7}</UniqueIdentifier>
    </Filter>
  </ItemGroup>
  <ItemGroup>
    <ClCompile Include="main.cpp">
      <Filter>TinyTrain</Filter>
    </ClCompile>
    <ClCompile Include="Game.cpp">
      <Filter>GameFramework</Filter>
    </ClCompile>
    <ClCompile Include="GameState_Running.cpp">
      <Filter>TinyTrain\gamestates</Filter>
    </ClCompile>
    <ClCompile Include="TTrain.cpp">
      <Filter>TinyTrain\objects</Filter>
    </ClCompile>
    <ClCompile Include="TLevel.cpp">
      <Filter>TinyTrain\objects</Filter>
    </ClCompile>
    <ClCompile Include="TRailTrack.cpp">
      <Filter>TinyTrain\objects</Filter>
    </ClCompile>
    <ClCompile Include="GameStateBase.cpp">
      <Filter>GameFramework</Filter>
    </ClCompile>
    <ClCompile Include="TPlayer.cpp">
      <Filter>TinyTrain\controllers</Filter>
    </ClCompile>
    <ClCompile Include="Spline.cpp">
      <Filter>GameFramework\Math</Filter>
    </ClCompile>
    <ClCompile Include="Spline_CatmullRom.cpp">
      <Filter>GameFramework\Math</Filter>
    </ClCompile>
    <ClCompile Include="TObstacle.cpp">
      <Filter>TinyTrain\objects</Filter>
    </ClCompile>
    <ClCompile Include="TTrainCollisionManager.cpp">
      <Filter>TinyTrain\utils</Filter>
    </ClCompile>
  </ItemGroup>
  <ItemGroup>
    <ClInclude Include="Entity.h">
      <Filter>GameFramework</Filter>
    </ClInclude>
    <ClInclude Include="tinyc2.h">
      <Filter>Resource Files</Filter>
    </ClInclude>
    <ClInclude Include="GameStateBase.h">
      <Filter>GameFramework</Filter>
    </ClInclude>
    <ClInclude Include="Game.h">
      <Filter>GameFramework</Filter>
    </ClInclude>
    <ClInclude Include="GameState_Running.h">
      <Filter>TinyTrain\gamestates</Filter>
    </ClInclude>
    <ClInclude Include="TTrain.h">
      <Filter>TinyTrain\objects</Filter>
    </ClInclude>
    <ClInclude Include="TLevel.h">
      <Filter>TinyTrain\objects</Filter>
    </ClInclude>
    <ClInclude Include="TRailTrack.h">
      <Filter>TinyTrain\objects</Filter>
    </ClInclude>
    <ClInclude Include="TPlayer.h">
      <Filter>TinyTrain\controllers</Filter>
    </ClInclude>
    <ClInclude Include="Spline.h">
      <Filter>GameFramework\Math</Filter>
    </ClInclude>
    <ClInclude Include="Spline_CatmullRom.h">
      <Filter>GameFramework\Math</Filter>
    </ClInclude>
    <ClInclude Include="TObstacle.h">
      <Filter>TinyTrain\objects</Filter>
    </ClInclude>
    <ClInclude Include="TTrainCollisionManager.h">
      <Filter>TinyTrain\utils</Filter>
    </ClInclude>
  </ItemGroup>
  <ItemGroup>
    <Text Include="todo.txt">
      <Filter>TinyTrain</Filter>
    </Text>
  </ItemGroup>
</Project>